
Microsoft Visual Studio Solution File, Format Version 10.00
# Visual Studio 2008
Project("{FAE04EC0-301F-11D3-BF4B-00C04F79EFBC}") = "StylesAndTemplates", "StylesAndTemplates\StylesAndTemplates.csproj", "{AE3F76E5-B49C-4E89-9516-4F5C541B2BE0}"
EndProject
Project("{FAE04EC0-301F-11D3-BF4B-00C04F79EFBC}") = "ExpanderControl", "ExpanderControl\ExpanderControl.csproj", "{387191FC-F739-4372-A5CF-8AE04FD68BDC}"
EndProject
Global
	GlobalSection(SolutionConfigurationPlatforms) = preSolution
		Debug|Any CPU = Debug|Any CPU
		Release|Any CPU = Release|Any CPU
	EndGlobalSection
	GlobalSection(ProjectConfigurationPlatforms) = postSolution
		{AE3F76E5-B49C-4E89-9516-4F5C541B2BE0}.Debug|Any CPU.ActiveCfg = Debug|Any CPU
		{AE3F76E5-B49C-4E89-9516-4F5C541B2BE0}.Debug|Any CPU.Build.0 = Debug|Any CPU
		{AE3F76E5-B49C-4E89-9516-4F5C541B2BE0}.Release|Any CPU.ActiveCfg = Release|Any CPU
		{AE3F76E5-B49C-4E89-9516-4F5C541B2BE0}.Release|Any CPU.Build.0 = Release|Any CPU
		{387191FC-F739-4372-A5CF-8AE04FD68BDC}.Debug|Any CPU.ActiveCfg = Debug|Any CPU
		{387191FC-F739-4372-A5CF-8AE04FD68BDC}.Debug|Any CPU.Build.0 = Debug|Any CPU
		{387191FC-F739-4372-A5CF-8AE04FD68BDC}.Release|Any CPU.ActiveCfg = Release|Any CPU
		{387191FC-F739-4372-A5CF-8AE04FD68BDC}.Release|Any CPU.Build.0 = Release|Any CPU
	EndGlobalSection
	GlobalSection(SolutionProperties) = preSolution
		HideSolutionNode = FALSE
	EndGlobalSection
EndGlobal
